// !$*UTF8*$!
{
	archiveVersion = 1;
	classes = {
	};
	objectVersion = 46;
	objects = {

/* Begin PBXBuildFile section */
		1D36DA821D16FC0D0034FC2A /* AppDelegate.swift in Sources */ = {isa = PBXBuildFile; fileRef = 1D36DA811D16FC0D0034FC2A /* AppDelegate.swift */; };
		1D36DA841D16FC0D0034FC2A /* ViewController.swift in Sources */ = {isa = PBXBuildFile; fileRef = 1D36DA831D16FC0D0034FC2A /* ViewController.swift */; };
		1D36DA871D16FC0D0034FC2A /* Main.storyboard in Resources */ = {isa = PBXBuildFile; fileRef = 1D36DA851D16FC0D0034FC2A /* Main.storyboard */; };
		1D36DA891D16FC0D0034FC2A /* Assets.xcassets in Resources */ = {isa = PBXBuildFile; fileRef = 1D36DA881D16FC0D0034FC2A /* Assets.xcassets */; };
		1D36DA8C1D16FC0D0034FC2A /* LaunchScreen.storyboard in Resources */ = {isa = PBXBuildFile; fileRef = 1D36DA8A1D16FC0D0034FC2A /* LaunchScreen.storyboard */; };
/* End PBXBuildFile section */

/* Begin PBXFileReference section */
		1D36DA7E1D16FC0D0034FC2A /* theWalkingScrol.app */ = {isa = PBXFileReference; explicitFileType = wrapper.application; includeInIndex = 0; path = theWalkingScrol.app; sourceTree = BUILT_PRODUCTS_DIR; };
		1D36DA811D16FC0D0034FC2A /* AppDelegate.swift */ = {isa = PBXFileReference; lastKnownFileType = sourcecode.swift; path = AppDelegate.swift; sourceTree = "<group>"; };
		1D36DA831D16FC0D0034FC2A /* ViewController.swift */ = {isa = PBXFileReference; lastKnownFileType = sourcecode.swift; path = ViewController.swift; sourceTree = "<group>"; };
		1D36DA861D16FC0D0034FC2A /* Base */ = {isa = PBXFileReference; lastKnownFileType = file.storyboard; name = Base; path = Base.lproj/Main.storyboard; sourceTree = "<group>"; };
		1D36DA881D16FC0D0034FC2A /* Assets.xcassets */ = {isa = PBXFileReference; lastKnownFileType = folder.assetcatalog; path = Assets.xcassets; sourceTree = "<group>"; };
		1D36DA8B1D16FC0D0034FC2A /* Base */ = {isa = PBXFileReference; lastKnownFileType = file.storyboard; name = Base; path = Base.lproj/LaunchScreen.storyboard; sourceTree = "<group>"; };
		1D36DA8D1D16FC0D0034FC2A /* Info.plist */ = {isa = PBXFileReference; lastKnownFileType = text.plist.xml; path = Info.plist; sourceTree = "<group>"; };
/* End PBXFileReference section */

/* Begin PBXFrameworksBuildPhase section */
		1D36DA7B1D16FC0D0034FC2A /* Frameworks */ = {
			isa = PBXFrameworksBuildPhase;
			buildActionMask = 2147483647;
			files = (
			);
			runOnlyForDeploymentPostprocessing = 0;
		};
/* End PBXFrameworksBuildPhase section */

/* Begin PBXGroup section */
		1D36DA751D16FC0D0034FC2A = {
			isa = PBXGroup;
			children = (
				1D36DA801D16FC0D0034FC2A /* theWalkingScrol */,
				1D36DA7F1D16FC0D0034FC2A /* Products */,
			);
			sourceTree = "<group>";
		};
		1D36DA7F1D16FC0D0034FC2A /* Products */ = {
			isa = PBXGroup;
			children = (
				1D36DA7E1D16FC0D0034FC2A /* theWalkingScrol.app */,
			);
			name = Products;
			sourceTree = "<group>";
		};
		1D36DA801D16FC0D0034FC2A /* theWalkingScrol */ = {
			isa = PBXGroup;
			children = (
				1D36DA811D16FC0D0034FC2A /* AppDelegate.swift */,
				1D36DA831D16FC0D0034FC2A /* ViewController.swift */,
				1D36DA851D16FC0D0034FC2A /* Main.storyboard */,
				1D36DA881D16FC0D0034FC2A /* Assets.xcassets */,
				1D36DA8A1D16FC0D0034FC2A /* LaunchScreen.storyboard */,
				1D36DA8D1D16FC0D0034FC2A /* Info.plist */,
			);
			path = theWalkingScrol;
			sourceTree = "<group>";
		};
/* End PBXGroup section */

/* Begin PBXNativeTarget section */
		1D36DA7D1D16FC0D0034FC2A /* theWalkingScrol */ = {
			isa = PBXNativeTarget;
			buildConfigurationList = 1D36DA901D16FC0D0034FC2A /* Build configuration list for PBXNativeTarget "theWalkingScrol" */;
			buildPhases = (
				1D36DA7A1D16FC0D0034FC2A /* Sources */,
				1D36DA7B1D16FC0D0034FC2A /* Frameworks */,
				1D36DA7C1D16FC0D0034FC2A /* Resources */,
			);
			buildRules = (
			);
			dependencies = (
			);
			name = theWalkingScrol;
			productName = theWalkingScrol;
			productReference = 1D36DA7E1D16FC0D0034FC2A /* theWalkingScrol.app */;
			productType = "com.apple.product-type.application";
		};
/* End PBXNativeTarget section */

/* Begin PBXProject section */
		1D36DA761D16FC0D0034FC2A /* Project object */ = {
			isa = PBXProject;
			attributes = {
				LastSwiftUpdateCheck = 0730;
				LastUpgradeCheck = 0730;
				ORGANIZATIONNAME = "Tobias Gozzi";
				TargetAttributes = {
					1D36DA7D1D16FC0D0034FC2A = {
						CreatedOnToolsVersion = 7.3;
					};
				};
			};
			buildConfigurationList = 1D36DA791D16FC0D0034FC2A /* Build configuration list for PBXProject "theWalkingScrol" */;
			compatibilityVersion = "Xcode 3.2";
			developmentRegion = English;
			hasScannedForEncodings = 0;
			knownRegions = (
				en,
				Base,
			);
			mainGroup = 1D36DA751D16FC0D0034FC2A;
			productRefGroup = 1D36DA7F1D16FC0D0034FC2A /* Products */;
			projectDirPath = "";
			projectRoot = "";
			targets = (
				1D36DA7D1D16FC0D0034FC2A /* theWalkingScrol */,
			);
		};
/* End PBXProject section */

/* Begin PBXResourcesBuildPhase section */
		1D36DA7C1D16FC0D0034FC2A /* Resources */ = {
			isa = PBXResourcesBuildPhase;
			buildActionMask = 2147483647;
			files = (
				1D36DA8C1D16FC0D0034FC2A /* LaunchScreen.storyboard in Resources */,
				1D36DA891D16FC0D0034FC2A /* Assets.xcassets in Resources */,
				1D36DA871D16FC0D0034FC2A /* Main.storyboard in Resources */,
			);
			runOnlyForDeploymentPostprocessing = 0;
		};
/* End PBXResourcesBuildPhase section */

/* Begin PBXSourcesBuildPhase section */
		1D36DA7A1D16FC0D0034FC2A /* Sources */ = {
			isa = PBXSourcesBuildPhase;
			buildActionMask = 2147483647;
			files = (
				1D36DA841D16FC0D0034FC2A /* ViewController.swift in Sources */,
				1D36DA821D16FC0D0034FC2A /* AppDelegate.swift in Sources */,
			);
			runOnlyForDeploymentPostprocessing = 0;
		};
/* End PBXSourcesBuildPhase section */

/* Begin PBXVariantGroup section */
		1D36DA851D16FC0D0034FC2A /* Main.storyboard */ = {
			isa = PBXVariantGroup;
			children = (
				1D36DA861D16FC0D0034FC2A /* Base */,
			);
			name = Main.storyboard;
			sourceTree = "<group>";
		};
		1D36DA8A1D16FC0D0034FC2A /* LaunchScreen.storyboard */ = {
			isa = PBXVariantGroup;
			children = (
				1D36DA8B1D16FC0D0034FC2A /* Base */,
			);
			name = LaunchScreen.storyboard;
			sourceTree = "<group>";
		};
/* End PBXVariantGroup section */

/* Begin XCBuildConfiguration section */
		1D36DA8E1D16FC0D0034FC2A /* Debug */ = {
			isa = XCBuildConfiguration;
			buildSettings = {
				ALWAYS_SEARCH_USER_PATHS = NO;
				CLANG_ANALYZER_NONNULL = YES;
				CLANG_CXX_LANGUAGE_STANDARD = "gnu++0x";
				CLANG_CXX_LIBRARY = "libc++";
				CLANG_ENABLE_MODULES = YES;
				CLANG_ENABLE_OBJC_ARC = YES;
				CLANG_WARN_BOOL_CONVERSION = YES;
				CLANG_WARN_CONSTANT_CONVERSION = YES;
				CLANG_WARN_DIRECT_OBJC_ISA_USAGE = YES_ERROR;
				CLANG_WARN_EMPTY_BODY = YES;
				CLANG_WARN_ENUM_CONVERSION = YES;
				CLANG_WARN_INT_CONVERSION = YES;
				CLANG_WARN_OBJC_ROOT_CLASS = YES_ERROR;
				CLANG_WARN_UNREACHABLE_CODE = YES;
				CLANG_WARN__DUPLICATE_METHOD_MATCH = YES;
				"CODE_SIGN_IDENTITY[sdk=iphoneos*]" = "iPhone Developer";
				COPY_PHASE_STRIP = NO;
				DEBUG_INFORMATION_FORMAT = dwarf;
				ENABLE_STRICT_OBJC_MSGSEND = YES;
				ENABLE_TESTABILITY = YES;
				GCC_C_LANGUAGE_STANDARD = gnu99;
				GCC_DYNAMIC_NO_PIC = NO;
				GCC_NO_COMMON_BLOCKS = YES;
				GCC_OPTIMIZATION_LEVEL = 0;
				GCC_PREPROCESSOR_DEFINITIONS = (
					"DEBUG=1",
					"$(inherited)",
				);
				GCC_WARN_64_TO_32_BIT_CONVERSION = YES;
				GCC_WARN_ABOUT_RETURN_TYPE = YES_ERROR;
				GCC_WARN_UNDECLARED_SELECTOR = YES;
				GCC_WARN_UNINITIALIZED_AUTOS = YES_AGGRESSIVE;
				GCC_WARN_UNUSED_FUNCTION = YES;
				GCC_WARN_UNUSED_VARIABLE = YES;
				IPHONEOS_DEPLOYMENT_TARGET = 9.3;
				MTL_ENABLE_DEBUG_INFO = YES;
				ONLY_ACTIVE_ARCH = YES;
				SDKROOT = iphoneos;
				SWIFT_OPTIMIZATION_LEVEL = "-Onone";
			};
			name = Debug;
		};
		1D36DA8F1D16FC0D0034FC2A /* Release */ = {
			isa = XCBuildConfiguration;
			buildSettings = {
				ALWAYS_SEARCH_USER_PATHS = NO;
				CLANG_ANALYZER_NONNULL = YES;
				CLANG_CXX_LANGUAGE_STANDARD = "gnu++0x";
				CLANG_CXX_LIBRARY = "libc++";
				CLANG_ENABLE_MODULES = YES;
				CLANG_ENABLE_OBJC_ARC = YES;
				CLANG_WARN_BOOL_CONVERSION = YES;
				CLANG_WARN_CONSTANT_CONVERSION = YES;
				CLANG_WARN_DIRECT_OBJC_ISA_USAGE = YES_ERROR;
				CLANG_WARN_EMPTY_BODY = YES;
				CLANG_WARN_ENUM_CONVERSION = YES;
				CLANG_WARN_INT_CONVERSION = YES;
				CLANG_WARN_OBJC_ROOT_CLASS = YES_ERROR;
				CLANG_WARN_UNREACHABLE_CODE = YES;
				CLANG_WARN__DUPLICATE_METHOD_MATCH = YES;
				"CODE_SIGN_IDENTITY[sdk=iphoneos*]" = "iPhone Developer";
				COPY_PHASE_STRIP = NO;
				DEBUG_INFORMATION_FORMAT = "dwarf-with-dsym";
				ENABLE_NS_ASSERTIONS = NO;
				ENABLE_STRICT_OBJC_MSGSEND = YES;
				GCC_C_LANGUAGE_STANDARD = gnu99;
				GCC_NO_COMMON_BLOCKS = YES;
				GCC_WARN_64_TO_32_BIT_CONVERSION = YES;
				GCC_WARN_ABOUT_RETURN_TYPE = YES_ERROR;
				GCC_WARN_UNDECLARED_SELECTOR = YES;
				GCC_WARN_UNINITIALIZED_AUTOS = YES_AGGRESSIVE;
				GCC_WARN_UNUSED_FUNCTION = YES;
				GCC_WARN_UNUSED_VARIABLE = YES;
				IPHONEOS_DEPLOYMENT_TARGET = 9.3;
				MTL_ENABLE_DEBUG_INFO = NO;
				SDKROOT = iphoneos;
				VALIDATE_PRODUCT = YES;
			};
			name = Release;
		};
		1D36DA911D16FC0D0034FC2A /* Debug */ = {
			isa = XCBuildConfiguration;
			buildSettings = {
				ASSETCATALOG_COMPILER_APPICON_NAME = AppIcon;
				INFOPLIST_FILE = theWalkingScrol/Info.plist;
				LD_RUNPATH_SEARCH_PATHS = "$(inherited) @executable_path/Frameworks";
				PRODUCT_BUNDLE_IDENTIFIER = com.tobiasgozzi.theWalkingScrol;
				PRODUCT_NAME = "$(TARGET_NAME)";
			};
			name = Debug;
		};
		1D36DA921D16FC0D0034FC2A /* Release */ = {
			isa = XCBuildConfiguration;
			buildSettings = {
				ASSETCATALOG_COMPILER_APPICON_NAME = AppIcon;
				INFOPLIST_FILE = theWalkingScrol/Info.plist;
				LD_RUNPATH_SEARCH_PATHS = "$(inherited) @executable_path/Frameworks";
				PRODUCT_BUNDLE_IDENTIFIER = com.tobiasgozzi.theWalkingScrol;
				PRODUCT_NAME = "$(TARGET_NAME)";
			};
			name = Release;
		};
/* End XCBuildConfiguration section */

/* Begin XCConfigurationList section */
		1D36DA791D16FC0D0034FC2A /* Build configuration list for PBXProject "theWalkingScrol" */ = {
			isa = XCConfigurationList;
			buildConfigurations = (
				1D36DA8E1D16FC0D0034FC2A /* Debug */,
				1D36DA8F1D16FC0D0034FC2A /* Release */,
			);
			defaultConfigurationIsVisible = 0;
			defaultConfigurationName = Release;
		};
		1D36DA901D16FC0D0034FC2A /* Build configuration list for PBXNativeTarget "theWalkingScrol" */ = {
			isa = XCConfigurationList;
			buildConfigurations = (
				1D36DA911D16FC0D0034FC2A /* Debug */,
				1D36DA921D16FC0D0034FC2A /* Release */,
			);
			defaultConfigurationIsVisible = 0;
		};
/* End XCConfigurationList section */
	};
	rootObject = 1D36DA761D16FC0D0034FC2A /* Project object */;
}
